
Microsoft Visual Studio Solution File, Format Version 12.00
# Visual Studio Version 16
VisualStudioVersion = 16.0.30128.74
MinimumVisualStudioVersion = 10.0.40219.1
Project("{9092AA53-FB77-4645-B42D-1CCCA6BD08BD}") = "concentrator2", "concentrator2\concentrator2.njsproj", "{1A4CD7B7-79D1-420F-B3AF-272EBE01EC75}"
EndProject
Global
	GlobalSection(SolutionConfigurationPlatforms) = preSolution
		Debug|Any CPU = Debug|Any CPU
		Release|Any CPU = Release|Any CPU
	EndGlobalSection
	GlobalSection(ProjectConfigurationPlatforms) = postSolution
		{1A4CD7B7-79D1-420F-B3AF-272EBE01EC75}.Debug|Any CPU.ActiveCfg = Debug|Any CPU
		{1A4CD7B7-79D1-420F-B3AF-272EBE01EC75}.Debug|Any CPU.Build.0 = Debug|Any CPU
		{1A4CD7B7-79D1-420F-B3AF-272EBE01EC75}.Release|Any CPU.ActiveCfg = Release|Any CPU
		{1A4CD7B7-79D1-420F-B3AF-272EBE01EC75}.Release|Any CPU.Build.0 = Release|Any CPU
	EndGlobalSection
	GlobalSection(SolutionProperties) = preSolution
		HideSolutionNode = FALSE
	EndGlobalSection
	GlobalSection(ExtensibilityGlobals) = postSolution
		SolutionGuid = {C360978C-17BC-487C-82DE-5AAE15D8A06D}
	EndGlobalSection
EndGlobal
